
Microsoft Visual Studio Solution File, Format Version 12.00
# Visual Studio Version 16
VisualStudioVersion = 16.0.30204.135
MinimumVisualStudioVersion = 10.0.40219.1
Project("{FAE04EC0-301F-11D3-BF4B-00C04F79EFBC}") = "CollectionsGenerics", "CollectionsGenerics\CollectionsGenerics.csproj", "{F660F27A-B8B1-47DA-BEB0-E012CFF4AF20}"
EndProject
Project("{FAE04EC0-301F-11D3-BF4B-00C04F79EFBC}") = "CollectionsGenerics.UnitTests", "CollectionsGenerics.UnitTests\CollectionsGenerics.UnitTests.csproj", "{2743271C-E2F7-473B-A70B-8B01F1B4B277}"
EndProject
Project("{FAE04EC0-301F-11D3-BF4B-00C04F79EFBC}") = "Generics", "Generics\Generics.csproj", "{3127A701-C1D3-4A04-BB8A-4D2F8DEC5261}"
EndProject
Project("{FAE04EC0-301F-11D3-BF4B-00C04F79EFBC}") = "Arrays", "Arrays\Arrays.csproj", "{51166C2D-D2AE-431B-8136-A81E70EAF64B}"
EndProject
Project("{2150E333-8FDC-42A3-9474-1A3956D46DE8}") = "Topics", "Topics", "{FA4DC4AF-0FAF-412A-A421-69325CB35D8F}"
EndProject
Project("{2150E333-8FDC-42A3-9474-1A3956D46DE8}") = "UnitTests", "UnitTests", "{25D01961-8953-40B1-8AB9-8FF8F8357A13}"
EndProject
Project("{FAE04EC0-301F-11D3-BF4B-00C04F79EFBC}") = "GenericLists", "Lists\GenericLists.csproj", "{3B9F6EB6-C17A-44E0-AE17-F63121A60FA7}"
EndProject
Project("{FAE04EC0-301F-11D3-BF4B-00C04F79EFBC}") = "GenericDictionaries", "GenericDictionaries\GenericDictionaries.csproj", "{EB9F61BD-4B9C-4C1E-92D2-7994109B1DD3}"
EndProject
Project("{FAE04EC0-301F-11D3-BF4B-00C04F79EFBC}") = "GenericCollectionInterfaces", "GenericCollectionInterfaces\GenericCollectionInterfaces.csproj", "{55FF4E40-62AB-42A8-B9C6-2D7BBFDDE147}"
EndProject
Project("{FAE04EC0-301F-11D3-BF4B-00C04F79EFBC}") = "Tuples", "Tuples\Tuples.csproj", "{E1C2F60F-37FE-4254-A13A-499FFB912092}"
EndProject
Global
	GlobalSection(SolutionConfigurationPlatforms) = preSolution
		Debug|Any CPU = Debug|Any CPU
		Release|Any CPU = Release|Any CPU
	EndGlobalSection
	GlobalSection(ProjectConfigurationPlatforms) = postSolution
		{F660F27A-B8B1-47DA-BEB0-E012CFF4AF20}.Debug|Any CPU.ActiveCfg = Debug|Any CPU
		{F660F27A-B8B1-47DA-BEB0-E012CFF4AF20}.Debug|Any CPU.Build.0 = Debug|Any CPU
		{F660F27A-B8B1-47DA-BEB0-E012CFF4AF20}.Release|Any CPU.ActiveCfg = Release|Any CPU
		{F660F27A-B8B1-47DA-BEB0-E012CFF4AF20}.Release|Any CPU.Build.0 = Release|Any CPU
		{2743271C-E2F7-473B-A70B-8B01F1B4B277}.Debug|Any CPU.ActiveCfg = Debug|Any CPU
		{2743271C-E2F7-473B-A70B-8B01F1B4B277}.Debug|Any CPU.Build.0 = Debug|Any CPU
		{2743271C-E2F7-473B-A70B-8B01F1B4B277}.Release|Any CPU.ActiveCfg = Release|Any CPU
		{2743271C-E2F7-473B-A70B-8B01F1B4B277}.Release|Any CPU.Build.0 = Release|Any CPU
		{3127A701-C1D3-4A04-BB8A-4D2F8DEC5261}.Debug|Any CPU.ActiveCfg = Debug|Any CPU
		{3127A701-C1D3-4A04-BB8A-4D2F8DEC5261}.Debug|Any CPU.Build.0 = Debug|Any CPU
		{3127A701-C1D3-4A04-BB8A-4D2F8DEC5261}.Release|Any CPU.ActiveCfg = Release|Any CPU
		{3127A701-C1D3-4A04-BB8A-4D2F8DEC5261}.Release|Any CPU.Build.0 = Release|Any CPU
		{51166C2D-D2AE-431B-8136-A81E70EAF64B}.Debug|Any CPU.ActiveCfg = Debug|Any CPU
		{51166C2D-D2AE-431B-8136-A81E70EAF64B}.Debug|Any CPU.Build.0 = Debug|Any CPU
		{51166C2D-D2AE-431B-8136-A81E70EAF64B}.Release|Any CPU.ActiveCfg = Release|Any CPU
		{51166C2D-D2AE-431B-8136-A81E70EAF64B}.Release|Any CPU.Build.0 = Release|Any CPU
		{3B9F6EB6-C17A-44E0-AE17-F63121A60FA7}.Debug|Any CPU.ActiveCfg = Debug|Any CPU
		{3B9F6EB6-C17A-44E0-AE17-F63121A60FA7}.Debug|Any CPU.Build.0 = Debug|Any CPU
		{3B9F6EB6-C17A-44E0-AE17-F63121A60FA7}.Release|Any CPU.ActiveCfg = Release|Any CPU
		{3B9F6EB6-C17A-44E0-AE17-F63121A60FA7}.Release|Any CPU.Build.0 = Release|Any CPU
		{EB9F61BD-4B9C-4C1E-92D2-7994109B1DD3}.Debug|Any CPU.ActiveCfg = Debug|Any CPU
		{EB9F61BD-4B9C-4C1E-92D2-7994109B1DD3}.Debug|Any CPU.Build.0 = Debug|Any CPU
		{EB9F61BD-4B9C-4C1E-92D2-7994109B1DD3}.Release|Any CPU.ActiveCfg = Release|Any CPU
		{EB9F61BD-4B9C-4C1E-92D2-7994109B1DD3}.Release|Any CPU.Build.0 = Release|Any CPU
		{55FF4E40-62AB-42A8-B9C6-2D7BBFDDE147}.Debug|Any CPU.ActiveCfg = Debug|Any CPU
		{55FF4E40-62AB-42A8-B9C6-2D7BBFDDE147}.Debug|Any CPU.Build.0 = Debug|Any CPU
		{55FF4E40-62AB-42A8-B9C6-2D7BBFDDE147}.Release|Any CPU.ActiveCfg = Release|Any CPU
		{55FF4E40-62AB-42A8-B9C6-2D7BBFDDE147}.Release|Any CPU.Build.0 = Release|Any CPU
		{E1C2F60F-37FE-4254-A13A-499FFB912092}.Debug|Any CPU.ActiveCfg = Debug|Any CPU
		{E1C2F60F-37FE-4254-A13A-499FFB912092}.Debug|Any CPU.Build.0 = Debug|Any CPU
		{E1C2F60F-37FE-4254-A13A-499FFB912092}.Release|Any CPU.ActiveCfg = Release|Any CPU
		{E1C2F60F-37FE-4254-A13A-499FFB912092}.Release|Any CPU.Build.0 = Release|Any CPU
	EndGlobalSection
	GlobalSection(SolutionProperties) = preSolution
		HideSolutionNode = FALSE
	EndGlobalSection
	GlobalSection(NestedProjects) = preSolution
		{2743271C-E2F7-473B-A70B-8B01F1B4B277} = {25D01961-8953-40B1-8AB9-8FF8F8357A13}
		{3127A701-C1D3-4A04-BB8A-4D2F8DEC5261} = {FA4DC4AF-0FAF-412A-A421-69325CB35D8F}
		{51166C2D-D2AE-431B-8136-A81E70EAF64B} = {FA4DC4AF-0FAF-412A-A421-69325CB35D8F}
		{3B9F6EB6-C17A-44E0-AE17-F63121A60FA7} = {FA4DC4AF-0FAF-412A-A421-69325CB35D8F}
		{EB9F61BD-4B9C-4C1E-92D2-7994109B1DD3} = {FA4DC4AF-0FAF-412A-A421-69325CB35D8F}
		{55FF4E40-62AB-42A8-B9C6-2D7BBFDDE147} = {FA4DC4AF-0FAF-412A-A421-69325CB35D8F}
		{E1C2F60F-37FE-4254-A13A-499FFB912092} = {FA4DC4AF-0FAF-412A-A421-69325CB35D8F}
	EndGlobalSection
	GlobalSection(ExtensibilityGlobals) = postSolution
		SolutionGuid = {CA81EF43-10D6-4BB5-8EAF-14D772376DFF}
	EndGlobalSection
EndGlobal
